// !$*UTF8*$!
{
	archiveVersion = 1;
	classes = {
	};
	objectVersion = 56;
	objects = {

/* Begin PBXBuildFile section */
		25ED750D2A5DCED0005EDF93 /* YemekApp.swift in Sources */ = {isa = PBXBuildFile; fileRef = 25ED750C2A5DCED0005EDF93 /* YemekApp.swift */; };
		25ED750F2A5DCED0005EDF93 /* ContentView.swift in Sources */ = {isa = PBXBuildFile; fileRef = 25ED750E2A5DCED0005EDF93 /* ContentView.swift */; };
		25ED75112A5DCED1005EDF93 /* Assets.xcassets in Resources */ = {isa = PBXBuildFile; fileRef = 25ED75102A5DCED1005EDF93 /* Assets.xcassets */; };
		25ED75142A5DCED1005EDF93 /* Preview Assets.xcassets in Resources */ = {isa = PBXBuildFile; fileRef = 25ED75132A5DCED1005EDF93 /* Preview Assets.xcassets */; };
		25ED751E2A5DCED1005EDF93 /* MealPlannerTests.swift in Sources */ = {isa = PBXBuildFile; fileRef = 25ED751D2A5DCED1005EDF93 /* MealPlannerTests.swift */; };
		25ED75282A5DCED1005EDF93 /* MealPlannerUITests.swift in Sources */ = {isa = PBXBuildFile; fileRef = 25ED75272A5DCED1005EDF93 /* MealPlannerUITests.swift */; };
		25ED752A2A5DCED1005EDF93 /* MealPlannerUITestsLaunchTests.swift in Sources */ = {isa = PBXBuildFile; fileRef = 25ED75292A5DCED1005EDF93 /* MealPlannerUITestsLaunchTests.swift */; };
		25ED75372A5EA3EE005EDF93 /* Filter.swift in Sources */ = {isa = PBXBuildFile; fileRef = 25ED75362A5EA3EE005EDF93 /* Filter.swift */; };
		25ED75392A5EA74F005EDF93 /* ListingView.swift in Sources */ = {isa = PBXBuildFile; fileRef = 25ED75382A5EA74F005EDF93 /* ListingView.swift */; };
		25ED753E2A5F5CFD005EDF93 /* DataModel.swift in Sources */ = {isa = PBXBuildFile; fileRef = 25ED753D2A5F5CFD005EDF93 /* DataModel.swift */; };
		D95208262AB84B6900A09E36 /* UserLogin.swift in Sources */ = {isa = PBXBuildFile; fileRef = D95208252AB84B6900A09E36 /* UserLogin.swift */; };
/* End PBXBuildFile section */

/* Begin PBXContainerItemProxy section */
		25ED751A2A5DCED1005EDF93 /* PBXContainerItemProxy */ = {
			isa = PBXContainerItemProxy;
			containerPortal = 25ED75012A5DCED0005EDF93 /* Project object */;
			proxyType = 1;
			remoteGlobalIDString = 25ED75082A5DCED0005EDF93;
			remoteInfo = MealPlanner;
		};
		25ED75242A5DCED1005EDF93 /* PBXContainerItemProxy */ = {
			isa = PBXContainerItemProxy;
			containerPortal = 25ED75012A5DCED0005EDF93 /* Project object */;
			proxyType = 1;
			remoteGlobalIDString = 25ED75082A5DCED0005EDF93;
			remoteInfo = MealPlanner;
		};
/* End PBXContainerItemProxy section */

/* Begin PBXFileReference section */
		25ED75092A5DCED0005EDF93 /* MealPlanner.app */ = {isa = PBXFileReference; explicitFileType = wrapper.application; includeInIndex = 0; path = MealPlanner.app; sourceTree = BUILT_PRODUCTS_DIR; };
		25ED750C2A5DCED0005EDF93 /* YemekApp.swift */ = {isa = PBXFileReference; lastKnownFileType = sourcecode.swift; path = YemekApp.swift; sourceTree = "<group>"; };
		25ED750E2A5DCED0005EDF93 /* ContentView.swift */ = {isa = PBXFileReference; lastKnownFileType = sourcecode.swift; path = ContentView.swift; sourceTree = "<group>"; tabWidth = 4; };
		25ED75102A5DCED1005EDF93 /* Assets.xcassets */ = {isa = PBXFileReference; lastKnownFileType = folder.assetcatalog; path = Assets.xcassets; sourceTree = "<group>"; };
		25ED75132A5DCED1005EDF93 /* Preview Assets.xcassets */ = {isa = PBXFileReference; lastKnownFileType = folder.assetcatalog; path = "Preview Assets.xcassets"; sourceTree = "<group>"; };
		25ED75192A5DCED1005EDF93 /* MealPlannerTests.xctest */ = {isa = PBXFileReference; explicitFileType = wrapper.cfbundle; includeInIndex = 0; path = MealPlannerTests.xctest; sourceTree = BUILT_PRODUCTS_DIR; };
		25ED751D2A5DCED1005EDF93 /* MealPlannerTests.swift */ = {isa = PBXFileReference; lastKnownFileType = sourcecode.swift; path = MealPlannerTests.swift; sourceTree = "<group>"; };
		25ED75232A5DCED1005EDF93 /* MealPlannerUITests.xctest */ = {isa = PBXFileReference; explicitFileType = wrapper.cfbundle; includeInIndex = 0; path = MealPlannerUITests.xctest; sourceTree = BUILT_PRODUCTS_DIR; };
		25ED75272A5DCED1005EDF93 /* MealPlannerUITests.swift */ = {isa = PBXFileReference; lastKnownFileType = sourcecode.swift; path = MealPlannerUITests.swift; sourceTree = "<group>"; };
		25ED75292A5DCED1005EDF93 /* MealPlannerUITestsLaunchTests.swift */ = {isa = PBXFileReference; lastKnownFileType = sourcecode.swift; path = MealPlannerUITestsLaunchTests.swift; sourceTree = "<group>"; };
		25ED75362A5EA3EE005EDF93 /* Filter.swift */ = {isa = PBXFileReference; lastKnownFileType = sourcecode.swift; path = Filter.swift; sourceTree = "<group>"; };
		25ED75382A5EA74F005EDF93 /* ListingView.swift */ = {isa = PBXFileReference; indentWidth = 4; lastKnownFileType = sourcecode.swift; path = ListingView.swift; sourceTree = "<group>"; tabWidth = 4; usesTabs = 0; };
		25ED753D2A5F5CFD005EDF93 /* DataModel.swift */ = {isa = PBXFileReference; lastKnownFileType = sourcecode.swift; path = DataModel.swift; sourceTree = "<group>"; };
		D95208252AB84B6900A09E36 /* UserLogin.swift */ = {isa = PBXFileReference; lastKnownFileType = sourcecode.swift; path = UserLogin.swift; sourceTree = "<group>"; tabWidth = 4; usesTabs = 0; };
/* End PBXFileReference section */

/* Begin PBXFrameworksBuildPhase section */
		25ED75062A5DCED0005EDF93 /* Frameworks */ = {
			isa = PBXFrameworksBuildPhase;
			buildActionMask = 2147483647;
			files = (
			);
			runOnlyForDeploymentPostprocessing = 0;
		};
		25ED75162A5DCED1005EDF93 /* Frameworks */ = {
			isa = PBXFrameworksBuildPhase;
			buildActionMask = 2147483647;
			files = (
			);
			runOnlyForDeploymentPostprocessing = 0;
		};
		25ED75202A5DCED1005EDF93 /* Frameworks */ = {
			isa = PBXFrameworksBuildPhase;
			buildActionMask = 2147483647;
			files = (
			);
			runOnlyForDeploymentPostprocessing = 0;
		};
/* End PBXFrameworksBuildPhase section */

/* Begin PBXGroup section */
		25ED75002A5DCED0005EDF93 = {
			isa = PBXGroup;
			children = (
				25ED750B2A5DCED0005EDF93 /* MealPlanner */,
				25ED751C2A5DCED1005EDF93 /* MealPlannerTests */,
				25ED75262A5DCED1005EDF93 /* MealPlannerUITests */,
				25ED750A2A5DCED0005EDF93 /* Products */,
			);
			sourceTree = "<group>";
		};
		25ED750A2A5DCED0005EDF93 /* Products */ = {
			isa = PBXGroup;
			children = (
				25ED75092A5DCED0005EDF93 /* MealPlanner.app */,
				25ED75192A5DCED1005EDF93 /* MealPlannerTests.xctest */,
				25ED75232A5DCED1005EDF93 /* MealPlannerUITests.xctest */,
			);
			name = Products;
			sourceTree = "<group>";
		};
		25ED750B2A5DCED0005EDF93 /* MealPlanner */ = {
			isa = PBXGroup;
			children = (
				25ED750C2A5DCED0005EDF93 /* YemekApp.swift */,
				25ED753D2A5F5CFD005EDF93 /* DataModel.swift */,
				D95208252AB84B6900A09E36 /* UserLogin.swift */,
				25ED75382A5EA74F005EDF93 /* ListingView.swift */,
				25ED75362A5EA3EE005EDF93 /* Filter.swift */,
				25ED750E2A5DCED0005EDF93 /* ContentView.swift */,
				25ED75102A5DCED1005EDF93 /* Assets.xcassets */,
				25ED75122A5DCED1005EDF93 /* Preview Content */,
			);
			path = MealPlanner;
			sourceTree = "<group>";
		};
		25ED75122A5DCED1005EDF93 /* Preview Content */ = {
			isa = PBXGroup;
			children = (
				25ED75132A5DCED1005EDF93 /* Preview Assets.xcassets */,
			);
			path = "Preview Content";
			sourceTree = "<group>";
		};
		25ED751C2A5DCED1005EDF93 /* MealPlannerTests */ = {
			isa = PBXGroup;
			children = (
				25ED751D2A5DCED1005EDF93 /* MealPlannerTests.swift */,
			);
			path = MealPlannerTests;
			sourceTree = "<group>";
		};
		25ED75262A5DCED1005EDF93 /* MealPlannerUITests */ = {
			isa = PBXGroup;
			children = (
				25ED75272A5DCED1005EDF93 /* MealPlannerUITests.swift */,
				25ED75292A5DCED1005EDF93 /* MealPlannerUITestsLaunchTests.swift */,
			);
			path = MealPlannerUITests;
			sourceTree = "<group>";
		};
/* End PBXGroup section */

/* Begin PBXNativeTarget section */
		25ED75082A5DCED0005EDF93 /* MealPlanner */ = {
			isa = PBXNativeTarget;
			buildConfigurationList = 25ED752D2A5DCED1005EDF93 /* Build configuration list for PBXNativeTarget "MealPlanner" */;
			buildPhases = (
				25ED75052A5DCED0005EDF93 /* Sources */,
				25ED75062A5DCED0005EDF93 /* Frameworks */,
				25ED75072A5DCED0005EDF93 /* Resources */,
			);
			buildRules = (
			);
			dependencies = (
			);
			name = MealPlanner;
			productName = MealPlanner;
			productReference = 25ED75092A5DCED0005EDF93 /* MealPlanner.app */;
			productType = "com.apple.product-type.application";
		};
		25ED75182A5DCED1005EDF93 /* MealPlannerTests */ = {
			isa = PBXNativeTarget;
			buildConfigurationList = 25ED75302A5DCED1005EDF93 /* Build configuration list for PBXNativeTarget "MealPlannerTests" */;
			buildPhases = (
				25ED75152A5DCED1005EDF93 /* Sources */,
				25ED75162A5DCED1005EDF93 /* Frameworks */,
				25ED75172A5DCED1005EDF93 /* Resources */,
			);
			buildRules = (
			);
			dependencies = (
				25ED751B2A5DCED1005EDF93 /* PBXTargetDependency */,
			);
			name = MealPlannerTests;
			productName = MealPlannerTests;
			productReference = 25ED75192A5DCED1005EDF93 /* MealPlannerTests.xctest */;
			productType = "com.apple.product-type.bundle.unit-test";
		};
		25ED75222A5DCED1005EDF93 /* MealPlannerUITests */ = {
			isa = PBXNativeTarget;
			buildConfigurationList = 25ED75332A5DCED1005EDF93 /* Build configuration list for PBXNativeTarget "MealPlannerUITests" */;
			buildPhases = (
				25ED751F2A5DCED1005EDF93 /* Sources */,
				25ED75202A5DCED1005EDF93 /* Frameworks */,
				25ED75212A5DCED1005EDF93 /* Resources */,
			);
			buildRules = (
			);
			dependencies = (
				25ED75252A5DCED1005EDF93 /* PBXTargetDependency */,
			);
			name = MealPlannerUITests;
			productName = MealPlannerUITests;
			productReference = 25ED75232A5DCED1005EDF93 /* MealPlannerUITests.xctest */;
			productType = "com.apple.product-type.bundle.ui-testing";
		};
/* End PBXNativeTarget section */

/* Begin PBXProject section */
		25ED75012A5DCED0005EDF93 /* Project object */ = {
			isa = PBXProject;
			attributes = {
				BuildIndependentTargetsInParallel = 1;
				LastSwiftUpdateCheck = 1430;
				LastUpgradeCheck = 1430;
				TargetAttributes = {
					25ED75082A5DCED0005EDF93 = {
						CreatedOnToolsVersion = 14.3.1;
					};
					25ED75182A5DCED1005EDF93 = {
						CreatedOnToolsVersion = 14.3.1;
						TestTargetID = 25ED75082A5DCED0005EDF93;
					};
					25ED75222A5DCED1005EDF93 = {
						CreatedOnToolsVersion = 14.3.1;
						TestTargetID = 25ED75082A5DCED0005EDF93;
					};
				};
			};
			buildConfigurationList = 25ED75042A5DCED0005EDF93 /* Build configuration list for PBXProject "MealPlanner" */;
			compatibilityVersion = "Xcode 14.0";
			developmentRegion = en;
			hasScannedForEncodings = 0;
			knownRegions = (
				en,
				Base,
			);
			mainGroup = 25ED75002A5DCED0005EDF93;
			productRefGroup = 25ED750A2A5DCED0005EDF93 /* Products */;
			projectDirPath = "";
			projectRoot = "";
			targets = (
				25ED75082A5DCED0005EDF93 /* MealPlanner */,
				25ED75182A5DCED1005EDF93 /* MealPlannerTests */,
				25ED75222A5DCED1005EDF93 /* MealPlannerUITests */,
			);
		};
/* End PBXProject section */

/* Begin PBXResourcesBuildPhase section */
		25ED75072A5DCED0005EDF93 /* Resources */ = {
			isa = PBXResourcesBuildPhase;
			buildActionMask = 2147483647;
			files = (
				25ED75142A5DCED1005EDF93 /* Preview Assets.xcassets in Resources */,
				25ED75112A5DCED1005EDF93 /* Assets.xcassets in Resources */,
			);
			runOnlyForDeploymentPostprocessing = 0;
		};
		25ED75172A5DCED1005EDF93 /* Resources */ = {
			isa = PBXResourcesBuildPhase;
			buildActionMask = 2147483647;
			files = (
			);
			runOnlyForDeploymentPostprocessing = 0;
		};
		25ED75212A5DCED1005EDF93 /* Resources */ = {
			isa = PBXResourcesBuildPhase;
			buildActionMask = 2147483647;
			files = (
			);
			runOnlyForDeploymentPostprocessing = 0;
		};
/* End PBXResourcesBuildPhase section */

/* Begin PBXSourcesBuildPhase section */
		25ED75052A5DCED0005EDF93 /* Sources */ = {
			isa = PBXSourcesBuildPhase;
			buildActionMask = 2147483647;
			files = (
				25ED753E2A5F5CFD005EDF93 /* DataModel.swift in Sources */,
				25ED750F2A5DCED0005EDF93 /* ContentView.swift in Sources */,
				D95208262AB84B6900A09E36 /* UserLogin.swift in Sources */,
				25ED75392A5EA74F005EDF93 /* ListingView.swift in Sources */,
				25ED75372A5EA3EE005EDF93 /* Filter.swift in Sources */,
				25ED750D2A5DCED0005EDF93 /* YemekApp.swift in Sources */,
			);
			runOnlyForDeploymentPostprocessing = 0;
		};
		25ED75152A5DCED1005EDF93 /* Sources */ = {
			isa = PBXSourcesBuildPhase;
			buildActionMask = 2147483647;
			files = (
				25ED751E2A5DCED1005EDF93 /* MealPlannerTests.swift in Sources */,
			);
			runOnlyForDeploymentPostprocessing = 0;
		};
		25ED751F2A5DCED1005EDF93 /* Sources */ = {
			isa = PBXSourcesBuildPhase;
			buildActionMask = 2147483647;
			files = (
				25ED752A2A5DCED1005EDF93 /* MealPlannerUITestsLaunchTests.swift in Sources */,
				25ED75282A5DCED1005EDF93 /* MealPlannerUITests.swift in Sources */,
			);
			runOnlyForDeploymentPostprocessing = 0;
		};
/* End PBXSourcesBuildPhase section */

/* Begin PBXTargetDependency section */
		25ED751B2A5DCED1005EDF93 /* PBXTargetDependency */ = {
			isa = PBXTargetDependency;
			target = 25ED75082A5DCED0005EDF93 /* MealPlanner */;
			targetProxy = 25ED751A2A5DCED1005EDF93 /* PBXContainerItemProxy */;
		};
		25ED75252A5DCED1005EDF93 /* PBXTargetDependency */ = {
			isa = PBXTargetDependency;
			target = 25ED75082A5DCED0005EDF93 /* MealPlanner */;
			targetProxy = 25ED75242A5DCED1005EDF93 /* PBXContainerItemProxy */;
		};
/* End PBXTargetDependency section */

/* Begin XCBuildConfiguration section */
		25ED752B2A5DCED1005EDF93 /* Debug */ = {
			isa = XCBuildConfiguration;
			buildSettings = {
				ALWAYS_SEARCH_USER_PATHS = NO;
				CLANG_ANALYZER_NONNULL = YES;
				CLANG_ANALYZER_NUMBER_OBJECT_CONVERSION = YES_AGGRESSIVE;
				CLANG_CXX_LANGUAGE_STANDARD = "gnu++20";
				CLANG_ENABLE_MODULES = YES;
				CLANG_ENABLE_OBJC_ARC = YES;
				CLANG_ENABLE_OBJC_WEAK = YES;
				CLANG_WARN_BLOCK_CAPTURE_AUTORELEASING = YES;
				CLANG_WARN_BOOL_CONVERSION = YES;
				CLANG_WARN_COMMA = YES;
				CLANG_WARN_CONSTANT_CONVERSION = YES;
				CLANG_WARN_DEPRECATED_OBJC_IMPLEMENTATIONS = YES;
				CLANG_WARN_DIRECT_OBJC_ISA_USAGE = YES_ERROR;
				CLANG_WARN_DOCUMENTATION_COMMENTS = YES;
				CLANG_WARN_EMPTY_BODY = YES;
				CLANG_WARN_ENUM_CONVERSION = YES;
				CLANG_WARN_INFINITE_RECURSION = YES;
				CLANG_WARN_INT_CONVERSION = YES;
				CLANG_WARN_NON_LITERAL_NULL_CONVERSION = YES;
				CLANG_WARN_OBJC_IMPLICIT_RETAIN_SELF = YES;
				CLANG_WARN_OBJC_LITERAL_CONVERSION = YES;
				CLANG_WARN_OBJC_ROOT_CLASS = YES_ERROR;
				CLANG_WARN_QUOTED_INCLUDE_IN_FRAMEWORK_HEADER = YES;
				CLANG_WARN_RANGE_LOOP_ANALYSIS = YES;
				CLANG_WARN_STRICT_PROTOTYPES = YES;
				CLANG_WARN_SUSPICIOUS_MOVE = YES;
				CLANG_WARN_UNGUARDED_AVAILABILITY = YES_AGGRESSIVE;
				CLANG_WARN_UNREACHABLE_CODE = YES;
				CLANG_WARN__DUPLICATE_METHOD_MATCH = YES;
				COPY_PHASE_STRIP = NO;
				DEBUG_INFORMATION_FORMAT = dwarf;
				ENABLE_STRICT_OBJC_MSGSEND = YES;
				ENABLE_TESTABILITY = YES;
				GCC_C_LANGUAGE_STANDARD = gnu11;
				GCC_DYNAMIC_NO_PIC = NO;
				GCC_NO_COMMON_BLOCKS = YES;
				GCC_OPTIMIZATION_LEVEL = 0;
				GCC_PREPROCESSOR_DEFINITIONS = (
					"DEBUG=1",
					"$(inherited)",
				);
				GCC_WARN_64_TO_32_BIT_CONVERSION = YES;
				GCC_WARN_ABOUT_RETURN_TYPE = YES_ERROR;
				GCC_WARN_UNDECLARED_SELECTOR = YES;
				GCC_WARN_UNINITIALIZED_AUTOS = YES_AGGRESSIVE;
				GCC_WARN_UNUSED_FUNCTION = YES;
				GCC_WARN_UNUSED_VARIABLE = YES;
				IPHONEOS_DEPLOYMENT_TARGET = 16.4;
				MTL_ENABLE_DEBUG_INFO = INCLUDE_SOURCE;
				MTL_FAST_MATH = YES;
				ONLY_ACTIVE_ARCH = YES;
				SDKROOT = iphoneos;
				SWIFT_ACTIVE_COMPILATION_CONDITIONS = DEBUG;
				SWIFT_OPTIMIZATION_LEVEL = "-Onone";
			};
			name = Debug;
		};
		25ED752C2A5DCED1005EDF93 /* Release */ = {
			isa = XCBuildConfiguration;
			buildSettings = {
				ALWAYS_SEARCH_USER_PATHS = NO;
				CLANG_ANALYZER_NONNULL = YES;
				CLANG_ANALYZER_NUMBER_OBJECT_CONVERSION = YES_AGGRESSIVE;
				CLANG_CXX_LANGUAGE_STANDARD = "gnu++20";
				CLANG_ENABLE_MODULES = YES;
				CLANG_ENABLE_OBJC_ARC = YES;
				CLANG_ENABLE_OBJC_WEAK = YES;
				CLANG_WARN_BLOCK_CAPTURE_AUTORELEASING = YES;
				CLANG_WARN_BOOL_CONVERSION = YES;
				CLANG_WARN_COMMA = YES;
				CLANG_WARN_CONSTANT_CONVERSION = YES;
				CLANG_WARN_DEPRECATED_OBJC_IMPLEMENTATIONS = YES;
				CLANG_WARN_DIRECT_OBJC_ISA_USAGE = YES_ERROR;
				CLANG_WARN_DOCUMENTATION_COMMENTS = YES;
				CLANG_WARN_EMPTY_BODY = YES;
				CLANG_WARN_ENUM_CONVERSION = YES;
				CLANG_WARN_INFINITE_RECURSION = YES;
				CLANG_WARN_INT_CONVERSION = YES;
				CLANG_WARN_NON_LITERAL_NULL_CONVERSION = YES;
				CLANG_WARN_OBJC_IMPLICIT_RETAIN_SELF = YES;
				CLANG_WARN_OBJC_LITERAL_CONVERSION = YES;
				CLANG_WARN_OBJC_ROOT_CLASS = YES_ERROR;
				CLANG_WARN_QUOTED_INCLUDE_IN_FRAMEWORK_HEADER = YES;
				CLANG_WARN_RANGE_LOOP_ANALYSIS = YES;
				CLANG_WARN_STRICT_PROTOTYPES = YES;
				CLANG_WARN_SUSPICIOUS_MOVE = YES;
				CLANG_WARN_UNGUARDED_AVAILABILITY = YES_AGGRESSIVE;
				CLANG_WARN_UNREACHABLE_CODE = YES;
				CLANG_WARN__DUPLICATE_METHOD_MATCH = YES;
				COPY_PHASE_STRIP = NO;
				DEBUG_INFORMATION_FORMAT = "dwarf-with-dsym";
				ENABLE_NS_ASSERTIONS = NO;
				ENABLE_STRICT_OBJC_MSGSEND = YES;
				GCC_C_LANGUAGE_STANDARD = gnu11;
				GCC_NO_COMMON_BLOCKS = YES;
				GCC_WARN_64_TO_32_BIT_CONVERSION = YES;
				GCC_WARN_ABOUT_RETURN_TYPE = YES_ERROR;
				GCC_WARN_UNDECLARED_SELECTOR = YES;
				GCC_WARN_UNINITIALIZED_AUTOS = YES_AGGRESSIVE;
				GCC_WARN_UNUSED_FUNCTION = YES;
				GCC_WARN_UNUSED_VARIABLE = YES;
				IPHONEOS_DEPLOYMENT_TARGET = 16.4;
				MTL_ENABLE_DEBUG_INFO = NO;
				MTL_FAST_MATH = YES;
				SDKROOT = iphoneos;
				SWIFT_COMPILATION_MODE = wholemodule;
				SWIFT_OPTIMIZATION_LEVEL = "-O";
				VALIDATE_PRODUCT = YES;
			};
			name = Release;
		};
		25ED752E2A5DCED1005EDF93 /* Debug */ = {
			isa = XCBuildConfiguration;
			buildSettings = {
				ASSETCATALOG_COMPILER_APPICON_NAME = AppIcon;
				ASSETCATALOG_COMPILER_GLOBAL_ACCENT_COLOR_NAME = AccentColor;
				CODE_SIGN_STYLE = Automatic;
				CURRENT_PROJECT_VERSION = 1;
				DEVELOPMENT_ASSET_PATHS = "\"MealPlanner/Preview Content\"";
				ENABLE_PREVIEWS = YES;
				GENERATE_INFOPLIST_FILE = YES;
				INFOPLIST_KEY_UIApplicationSceneManifest_Generation = YES;
				INFOPLIST_KEY_UIApplicationSupportsIndirectInputEvents = YES;
				INFOPLIST_KEY_UILaunchScreen_Generation = YES;
				INFOPLIST_KEY_UISupportedInterfaceOrientations_iPad = "UIInterfaceOrientationPortrait UIInterfaceOrientationPortraitUpsideDown UIInterfaceOrientationLandscapeLeft UIInterfaceOrientationLandscapeRight";
				INFOPLIST_KEY_UISupportedInterfaceOrientations_iPhone = "UIInterfaceOrientationPortrait UIInterfaceOrientationLandscapeLeft UIInterfaceOrientationLandscapeRight";
				LD_RUNPATH_SEARCH_PATHS = (
					"$(inherited)",
					"@executable_path/Frameworks",
				);
				MARKETING_VERSION = 1.0;
				PRODUCT_BUNDLE_IDENTIFIER = Argan.MealPlanner;
				PRODUCT_NAME = "$(TARGET_NAME)";
				SWIFT_EMIT_LOC_STRINGS = YES;
				SWIFT_VERSION = 5.0;
				TARGETED_DEVICE_FAMILY = "1,2";
			};
			name = Debug;
		};
		25ED752F2A5DCED1005EDF93 /* Release */ = {
			isa = XCBuildConfiguration;
			buildSettings = {
				ASSETCATALOG_COMPILER_APPICON_NAME = AppIcon;
				ASSETCATALOG_COMPILER_GLOBAL_ACCENT_COLOR_NAME = AccentColor;
				CODE_SIGN_STYLE = Automatic;
				CURRENT_PROJECT_VERSION = 1;
				DEVELOPMENT_ASSET_PATHS = "\"MealPlanner/Preview Content\"";
				ENABLE_PREVIEWS = YES;
				GENERATE_INFOPLIST_FILE = YES;
				INFOPLIST_KEY_UIApplicationSceneManifest_Generation = YES;
				INFOPLIST_KEY_UIApplicationSupportsIndirectInputEvents = YES;
				INFOPLIST_KEY_UILaunchScreen_Generation = YES;
				INFOPLIST_KEY_UISupportedInterfaceOrientations_iPad = "UIInterfaceOrientationPortrait UIInterfaceOrientationPortraitUpsideDown UIInterfaceOrientationLandscapeLeft UIInterfaceOrientationLandscapeRight";
				INFOPLIST_KEY_UISupportedInterfaceOrientations_iPhone = "UIInterfaceOrientationPortrait UIInterfaceOrientationLandscapeLeft UIInterfaceOrientationLandscapeRight";
				LD_RUNPATH_SEARCH_PATHS = (
					"$(inherited)",
					"@executable_path/Frameworks",
				);
				MARKETING_VERSION = 1.0;
				PRODUCT_BUNDLE_IDENTIFIER = Argan.MealPlanner;
				PRODUCT_NAME = "$(TARGET_NAME)";
				SWIFT_EMIT_LOC_STRINGS = YES;
				SWIFT_VERSION = 5.0;
				TARGETED_DEVICE_FAMILY = "1,2";
			};
			name = Release;
		};
		25ED75312A5DCED1005EDF93 /* Debug */ = {
			isa = XCBuildConfiguration;
			buildSettings = {
				ALWAYS_EMBED_SWIFT_STANDARD_LIBRARIES = YES;
				BUNDLE_LOADER = "$(TEST_HOST)";
				CODE_SIGN_STYLE = Automatic;
				CURRENT_PROJECT_VERSION = 1;
				GENERATE_INFOPLIST_FILE = YES;
				IPHONEOS_DEPLOYMENT_TARGET = 16.4;
				MARKETING_VERSION = 1.0;
				PRODUCT_BUNDLE_IDENTIFIER = Argan.MealPlannerTests;
				PRODUCT_NAME = "$(TARGET_NAME)";
				SWIFT_EMIT_LOC_STRINGS = NO;
				SWIFT_VERSION = 5.0;
				TARGETED_DEVICE_FAMILY = "1,2";
				TEST_HOST = "$(BUILT_PRODUCTS_DIR)/MealPlanner.app/$(BUNDLE_EXECUTABLE_FOLDER_PATH)/MealPlanner";
			};
			name = Debug;
		};
		25ED75322A5DCED1005EDF93 /* Release */ = {
			isa = XCBuildConfiguration;
			buildSettings = {
				ALWAYS_EMBED_SWIFT_STANDARD_LIBRARIES = YES;
				BUNDLE_LOADER = "$(TEST_HOST)";
				CODE_SIGN_STYLE = Automatic;
				CURRENT_PROJECT_VERSION = 1;
				GENERATE_INFOPLIST_FILE = YES;
				IPHONEOS_DEPLOYMENT_TARGET = 16.4;
				MARKETING_VERSION = 1.0;
				PRODUCT_BUNDLE_IDENTIFIER = Argan.MealPlannerTests;
				PRODUCT_NAME = "$(TARGET_NAME)";
				SWIFT_EMIT_LOC_STRINGS = NO;
				SWIFT_VERSION = 5.0;
				TARGETED_DEVICE_FAMILY = "1,2";
				TEST_HOST = "$(BUILT_PRODUCTS_DIR)/MealPlanner.app/$(BUNDLE_EXECUTABLE_FOLDER_PATH)/MealPlanner";
			};
			name = Release;
		};
		25ED75342A5DCED1005EDF93 /* Debug */ = {
			isa = XCBuildConfiguration;
			buildSettings = {
				ALWAYS_EMBED_SWIFT_STANDARD_LIBRARIES = YES;
				CODE_SIGN_STYLE = Automatic;
				CURRENT_PROJECT_VERSION = 1;
				GENERATE_INFOPLIST_FILE = YES;
				MARKETING_VERSION = 1.0;
				PRODUCT_BUNDLE_IDENTIFIER = Argan.MealPlannerUITests;
				PRODUCT_NAME = "$(TARGET_NAME)";
				SWIFT_EMIT_LOC_STRINGS = NO;
				SWIFT_VERSION = 5.0;
				TARGETED_DEVICE_FAMILY = "1,2";
				TEST_TARGET_NAME = MealPlanner;
			};
			name = Debug;
		};
		25ED75352A5DCED1005EDF93 /* Release */ = {
			isa = XCBuildConfiguration;
			buildSettings = {
				ALWAYS_EMBED_SWIFT_STANDARD_LIBRARIES = YES;
				CODE_SIGN_STYLE = Automatic;
				CURRENT_PROJECT_VERSION = 1;
				GENERATE_INFOPLIST_FILE = YES;
				MARKETING_VERSION = 1.0;
				PRODUCT_BUNDLE_IDENTIFIER = Argan.MealPlannerUITests;
				PRODUCT_NAME = "$(TARGET_NAME)";
				SWIFT_EMIT_LOC_STRINGS = NO;
				SWIFT_VERSION = 5.0;
				TARGETED_DEVICE_FAMILY = "1,2";
				TEST_TARGET_NAME = MealPlanner;
			};
			name = Release;
		};
/* End XCBuildConfiguration section */

/* Begin XCConfigurationList section */
		25ED75042A5DCED0005EDF93 /* Build configuration list for PBXProject "MealPlanner" */ = {
			isa = XCConfigurationList;
			buildConfigurations = (
				25ED752B2A5DCED1005EDF93 /* Debug */,
				25ED752C2A5DCED1005EDF93 /* Release */,
			);
			defaultConfigurationIsVisible = 0;
			defaultConfigurationName = Release;
		};
		25ED752D2A5DCED1005EDF93 /* Build configuration list for PBXNativeTarget "MealPlanner" */ = {
			isa = XCConfigurationList;
			buildConfigurations = (
				25ED752E2A5DCED1005EDF93 /* Debug */,
				25ED752F2A5DCED1005EDF93 /* Release */,
			);
			defaultConfigurationIsVisible = 0;
			defaultConfigurationName = Release;
		};
		25ED75302A5DCED1005EDF93 /* Build configuration list for PBXNativeTarget "MealPlannerTests" */ = {
			isa = XCConfigurationList;
			buildConfigurations = (
				25ED75312A5DCED1005EDF93 /* Debug */,
				25ED75322A5DCED1005EDF93 /* Release */,
			);
			defaultConfigurationIsVisible = 0;
			defaultConfigurationName = Release;
		};
		25ED75332A5DCED1005EDF93 /* Build configuration list for PBXNativeTarget "MealPlannerUITests" */ = {
			isa = XCConfigurationList;
			buildConfigurations = (
				25ED75342A5DCED1005EDF93 /* Debug */,
				25ED75352A5DCED1005EDF93 /* Release */,
			);
			defaultConfigurationIsVisible = 0;
			defaultConfigurationName = Release;
		};
/* End XCConfigurationList section */
	};
	rootObject = 25ED75012A5DCED0005EDF93 /* Project object */;
}
